
Microsoft Visual Studio Solution File, Format Version 12.00
# Visual Studio Version 16
VisualStudioVersion = 16.0.29025.244
MinimumVisualStudioVersion = 10.0.40219.1
Project("{FAE04EC0-301F-11D3-BF4B-00C04F79EFBC}") = "DotNetVersionCheck", "DotNetVersionCheck.csproj", "{DF77C999-E539-4A8F-BF07-332ED4DE3899}"
EndProject
Global
	GlobalSection(SolutionConfigurationPlatforms) = preSolution
		Debug|Any CPU = Debug|Any CPU
		Release|Any CPU = Release|Any CPU
	EndGlobalSection
	GlobalSection(ProjectConfigurationPlatforms) = postSolution
		{DF77C999-E539-4A8F-BF07-332ED4DE3899}.Debug|Any CPU.ActiveCfg = Debug|Any CPU
		{DF77C999-E539-4A8F-BF07-332ED4DE3899}.Debug|Any CPU.Build.0 = Debug|Any CPU
		{DF77C999-E539-4A8F-BF07-332ED4DE3899}.Release|Any CPU.ActiveCfg = Release|Any CPU
		{DF77C999-E539-4A8F-BF07-332ED4DE3899}.Release|Any CPU.Build.0 = Release|Any CPU
	EndGlobalSection
	GlobalSection(SolutionProperties) = preSolution
		HideSolutionNode = FALSE
	EndGlobalSection
	GlobalSection(ExtensibilityGlobals) = postSolution
		SolutionGuid = {A19105A1-5C84-414E-9C18-1FC8CB6AEA11}
	EndGlobalSection
EndGlobal
